# This file was autogenerated by uv via the following command:
#    uv pip compile pyproject.toml -o requirements.lock
aiosqlite==0.21.0
    # via collab-sims (pyproject.toml)
annotated-doc==0.0.4
    # via fastapi
annotated-types==0.7.0
    # via pydantic
anyio==4.11.0
    # via
    #   claude-agent-sdk
    #   httpx
    #   mcp
    #   sse-starlette
    #   starlette
    #   watchfiles
attrs==25.4.0
    # via
    #   jsonschema
    #   referencing
certifi==2025.11.12
    # via
    #   httpcore
    #   httpx
cffi==2.0.0
    # via cryptography
claude-agent-sdk==0.1.7
    # via collab-sims (pyproject.toml)
click==8.3.1
    # via uvicorn
cryptography==46.0.3
    # via pyjwt
fastapi==0.121.2
    # via collab-sims (pyproject.toml)
h11==0.16.0
    # via
    #   httpcore
    #   uvicorn
httpcore==1.0.9
    # via httpx
httptools==0.7.1
    # via uvicorn
httpx==0.28.1
    # via mcp
httpx-sse==0.4.3
    # via mcp
idna==3.11
    # via
    #   anyio
    #   httpx
jsonschema==4.25.1
    # via mcp
jsonschema-specifications==2025.9.1
    # via jsonschema
loguru==0.7.3
    # via collab-sims (pyproject.toml)
mcp==1.21.2
    # via claude-agent-sdk
pycparser==2.23
    # via cffi
pydantic==2.12.4
    # via
    #   collab-sims (pyproject.toml)
    #   fastapi
    #   mcp
    #   pydantic-settings
pydantic-core==2.41.5
    # via pydantic
pydantic-settings==2.12.0
    # via mcp
pyjwt==2.10.1
    # via mcp
python-dotenv==1.2.1
    # via
    #   collab-sims (pyproject.toml)
    #   pydantic-settings
    #   uvicorn
python-multipart==0.0.20
    # via mcp
pyyaml==6.0.3
    # via uvicorn
referencing==0.37.0
    # via
    #   jsonschema
    #   jsonschema-specifications
rpds-py==0.29.0
    # via
    #   jsonschema
    #   referencing
sniffio==1.3.1
    # via anyio
sse-starlette==3.0.3
    # via mcp
starlette==0.49.3
    # via
    #   fastapi
    #   mcp
typing-extensions==4.15.0
    # via
    #   aiosqlite
    #   fastapi
    #   mcp
    #   pydantic
    #   pydantic-core
    #   typing-inspection
typing-inspection==0.4.2
    # via
    #   mcp
    #   pydantic
    #   pydantic-settings
uvicorn==0.38.0
    # via
    #   collab-sims (pyproject.toml)
    #   mcp
uvloop==0.22.1
    # via uvicorn
watchfiles==1.1.1
    # via uvicorn
websockets==15.0.1
    # via uvicorn
